
Microsoft Visual Studio Solution File, Format Version 12.00
# Visual Studio Version 17
VisualStudioVersion = 17.3.32804.467
MinimumVisualStudioVersion = 10.0.40219.1
Project("{FAE04EC0-301F-11D3-BF4B-00C04F79EFBC}") = "WeatherService", "WeatherService\WeatherService.csproj", "{86879FE7-3BA3-4236-AB1D-DAE9841C2E5F}"
EndProject
Global
	GlobalSection(SolutionConfigurationPlatforms) = preSolution
		Debug|Any CPU = Debug|Any CPU
		Release|Any CPU = Release|Any CPU
	EndGlobalSection
	GlobalSection(ProjectConfigurationPlatforms) = postSolution
		{86879FE7-3BA3-4236-AB1D-DAE9841C2E5F}.Debug|Any CPU.ActiveCfg = Debug|Any CPU
		{86879FE7-3BA3-4236-AB1D-DAE9841C2E5F}.Debug|Any CPU.Build.0 = Debug|Any CPU
		{86879FE7-3BA3-4236-AB1D-DAE9841C2E5F}.Release|Any CPU.ActiveCfg = Release|Any CPU
		{86879FE7-3BA3-4236-AB1D-DAE9841C2E5F}.Release|Any CPU.Build.0 = Release|Any CPU
	EndGlobalSection
	GlobalSection(SolutionProperties) = preSolution
		HideSolutionNode = FALSE
	EndGlobalSection
	GlobalSection(ExtensibilityGlobals) = postSolution
		SolutionGuid = {958CED0F-2CBC-4792-9031-D27E6CC123B1}
	EndGlobalSection
EndGlobal
